PODS:
  - Masonry (1.1.0)
  - PlayableAds (2.4.0)

DEPENDENCIES:
  - Masonry
  - PlayableAds

SPEC REPOS:
  https://github.com/cocoapods/specs.git:
    - Masonry
    - PlayableAds

SPEC CHECKSUMS:
  Masonry: 678fab65091a9290e40e2832a55e7ab731aad201
  PlayableAds: 916e7f9f51a8944769abc45d3b4358f844f19033

PODFILE CHECKSUM: 460c6e79f461f731b79390cc1707c7e518fcd538

COCOAPODS: 1.5.3
